// !$*UTF8*$!
{
	archiveVersion = 1;
	classes = {
	};
	objectVersion = 56;
	objects = {

/* Begin PBXBuildFile section */
		53DC9AFF2A809664009B3304 /* AppDelegate.swift in Sources */ = {isa = PBXBuildFile; fileRef = 53DC9AFE2A809664009B3304 /* AppDelegate.swift */; };
		53DC9B012A809664009B3304 /* SceneDelegate.swift in Sources */ = {isa = PBXBuildFile; fileRef = 53DC9B002A809664009B3304 /* SceneDelegate.swift */; };
		53DC9B032A809664009B3304 /* ViewController.swift in Sources */ = {isa = PBXBuildFile; fileRef = 53DC9B022A809664009B3304 /* ViewController.swift */; };
		53DC9B062A809664009B3304 /* Main.storyboard in Resources */ = {isa = PBXBuildFile; fileRef = 53DC9B042A809664009B3304 /* Main.storyboard */; };
		53DC9B082A809665009B3304 /* Assets.xcassets in Resources */ = {isa = PBXBuildFile; fileRef = 53DC9B072A809665009B3304 /* Assets.xcassets */; };
		53DC9B0B2A809665009B3304 /* LaunchScreen.storyboard in Resources */ = {isa = PBXBuildFile; fileRef = 53DC9B092A809665009B3304 /* LaunchScreen.storyboard */; };
		53DC9B142A8096B8009B3304 /* Alamofire in Frameworks */ = {isa = PBXBuildFile; productRef = 53DC9B132A8096B8009B3304 /* Alamofire */; };
		53DC9B172A8096C4009B3304 /* SwiftyJSON in Frameworks */ = {isa = PBXBuildFile; productRef = 53DC9B162A8096C4009B3304 /* SwiftyJSON */; };
		53DC9B1A2A80971B009B3304 /* Kingfisher in Frameworks */ = {isa = PBXBuildFile; productRef = 53DC9B192A80971B009B3304 /* Kingfisher */; };
		53DC9B1C2A809BA2009B3304 /* .gitignore in Resources */ = {isa = PBXBuildFile; fileRef = 53DC9B1B2A809BA2009B3304 /* .gitignore */; };
		53DC9B202A809C5E009B3304 /* APIKey.swift in Sources */ = {isa = PBXBuildFile; fileRef = 53DC9B1F2A809C5E009B3304 /* APIKey.swift */; };
		53DC9B282A81C4D3009B3304 /* WeatherViewController.swift in Sources */ = {isa = PBXBuildFile; fileRef = 53DC9B272A81C4D3009B3304 /* WeatherViewController.swift */; };
		53DC9B2A2A81E786009B3304 /* VideoViewController.swift in Sources */ = {isa = PBXBuildFile; fileRef = 53DC9B292A81E786009B3304 /* VideoViewController.swift */; };
		53DC9B622A83230B009B3304 /* VideoTableViewCell.swift in Sources */ = {isa = PBXBuildFile; fileRef = 53DC9B612A83230B009B3304 /* VideoTableViewCell.swift */; };
		53DC9B662A84768C009B3304 /* TranslationViewController.swift in Sources */ = {isa = PBXBuildFile; fileRef = 53DC9B652A84768C009B3304 /* TranslationViewController.swift */; };
/* End PBXBuildFile section */

/* Begin PBXFileReference section */
		53DC9AFB2A809664009B3304 /* StudyWeek4.app */ = {isa = PBXFileReference; explicitFileType = wrapper.application; includeInIndex = 0; path = StudyWeek4.app; sourceTree = BUILT_PRODUCTS_DIR; };
		53DC9AFE2A809664009B3304 /* AppDelegate.swift */ = {isa = PBXFileReference; lastKnownFileType = sourcecode.swift; path = AppDelegate.swift; sourceTree = "<group>"; };
		53DC9B002A809664009B3304 /* SceneDelegate.swift */ = {isa = PBXFileReference; lastKnownFileType = sourcecode.swift; path = SceneDelegate.swift; sourceTree = "<group>"; };
		53DC9B022A809664009B3304 /* ViewController.swift */ = {isa = PBXFileReference; lastKnownFileType = sourcecode.swift; path = ViewController.swift; sourceTree = "<group>"; };
		53DC9B052A809664009B3304 /* Base */ = {isa = PBXFileReference; lastKnownFileType = file.storyboard; name = Base; path = Base.lproj/Main.storyboard; sourceTree = "<group>"; };
		53DC9B072A809665009B3304 /* Assets.xcassets */ = {isa = PBXFileReference; lastKnownFileType = folder.assetcatalog; path = Assets.xcassets; sourceTree = "<group>"; };
		53DC9B0A2A809665009B3304 /* Base */ = {isa = PBXFileReference; lastKnownFileType = file.storyboard; name = Base; path = Base.lproj/LaunchScreen.storyboard; sourceTree = "<group>"; };
		53DC9B0C2A809665009B3304 /* Info.plist */ = {isa = PBXFileReference; lastKnownFileType = text.plist.xml; path = Info.plist; sourceTree = "<group>"; };
		53DC9B1B2A809BA2009B3304 /* .gitignore */ = {isa = PBXFileReference; lastKnownFileType = text; path = .gitignore; sourceTree = "<group>"; };
		53DC9B1F2A809C5E009B3304 /* APIKey.swift */ = {isa = PBXFileReference; lastKnownFileType = sourcecode.swift; path = APIKey.swift; sourceTree = "<group>"; };
		53DC9B272A81C4D3009B3304 /* WeatherViewController.swift */ = {isa = PBXFileReference; lastKnownFileType = sourcecode.swift; path = WeatherViewController.swift; sourceTree = "<group>"; };
		53DC9B292A81E786009B3304 /* VideoViewController.swift */ = {isa = PBXFileReference; lastKnownFileType = sourcecode.swift; path = VideoViewController.swift; sourceTree = "<group>"; };
		53DC9B612A83230B009B3304 /* VideoTableViewCell.swift */ = {isa = PBXFileReference; lastKnownFileType = sourcecode.swift; path = VideoTableViewCell.swift; sourceTree = "<group>"; };
		53DC9B652A84768C009B3304 /* TranslationViewController.swift */ = {isa = PBXFileReference; lastKnownFileType = sourcecode.swift; path = TranslationViewController.swift; sourceTree = "<group>"; };
/* End PBXFileReference section */

/* Begin PBXFrameworksBuildPhase section */
		53DC9AF82A809664009B3304 /* Frameworks */ = {
			isa = PBXFrameworksBuildPhase;
			buildActionMask = 2147483647;
			files = (
				53DC9B1A2A80971B009B3304 /* Kingfisher in Frameworks */,
				53DC9B172A8096C4009B3304 /* SwiftyJSON in Frameworks */,
				53DC9B142A8096B8009B3304 /* Alamofire in Frameworks */,
			);
			runOnlyForDeploymentPostprocessing = 0;
		};
/* End PBXFrameworksBuildPhase section */

/* Begin PBXGroup section */
		53DC9AF22A809664009B3304 = {
			isa = PBXGroup;
			children = (
				53DC9AFD2A809664009B3304 /* StudyWeek4 */,
				53DC9AFC2A809664009B3304 /* Products */,
			);
			sourceTree = "<group>";
		};
		53DC9AFC2A809664009B3304 /* Products */ = {
			isa = PBXGroup;
			children = (
				53DC9AFB2A809664009B3304 /* StudyWeek4.app */,
			);
			name = Products;
			sourceTree = "<group>";
		};
		53DC9AFD2A809664009B3304 /* StudyWeek4 */ = {
			isa = PBXGroup;
			children = (
				53DC9AFE2A809664009B3304 /* AppDelegate.swift */,
				53DC9B002A809664009B3304 /* SceneDelegate.swift */,
				53DC9B022A809664009B3304 /* ViewController.swift */,
				53DC9B042A809664009B3304 /* Main.storyboard */,
				53DC9B612A83230B009B3304 /* VideoTableViewCell.swift */,
				53DC9B292A81E786009B3304 /* VideoViewController.swift */,
				53DC9B272A81C4D3009B3304 /* WeatherViewController.swift */,
				53DC9B072A809665009B3304 /* Assets.xcassets */,
				53DC9B092A809665009B3304 /* LaunchScreen.storyboard */,
				53DC9B0C2A809665009B3304 /* Info.plist */,
				53DC9B1B2A809BA2009B3304 /* .gitignore */,
				53DC9B652A84768C009B3304 /* TranslationViewController.swift */,
				53DC9B1F2A809C5E009B3304 /* APIKey.swift */,
			);
			path = StudyWeek4;
			sourceTree = "<group>";
		};
/* End PBXGroup section */

/* Begin PBXNativeTarget section */
		53DC9AFA2A809664009B3304 /* StudyWeek4 */ = {
			isa = PBXNativeTarget;
			buildConfigurationList = 53DC9B0F2A809665009B3304 /* Build configuration list for PBXNativeTarget "StudyWeek4" */;
			buildPhases = (
				53DC9AF72A809664009B3304 /* Sources */,
				53DC9AF82A809664009B3304 /* Frameworks */,
				53DC9AF92A809664009B3304 /* Resources */,
			);
			buildRules = (
			);
			dependencies = (
			);
			name = StudyWeek4;
			packageProductDependencies = (
				53DC9B132A8096B8009B3304 /* Alamofire */,
				53DC9B162A8096C4009B3304 /* SwiftyJSON */,
				53DC9B192A80971B009B3304 /* Kingfisher */,
			);
			productName = StudyWeek4;
			productReference = 53DC9AFB2A809664009B3304 /* StudyWeek4.app */;
			productType = "com.apple.product-type.application";
		};
/* End PBXNativeTarget section */

/* Begin PBXProject section */
		53DC9AF32A809664009B3304 /* Project object */ = {
			isa = PBXProject;
			attributes = {
				BuildIndependentTargetsInParallel = 1;
				LastSwiftUpdateCheck = 1430;
				LastUpgradeCheck = 1430;
				TargetAttributes = {
					53DC9AFA2A809664009B3304 = {
						CreatedOnToolsVersion = 14.3.1;
					};
				};
			};
			buildConfigurationList = 53DC9AF62A809664009B3304 /* Build configuration list for PBXProject "StudyWeek4" */;
			compatibilityVersion = "Xcode 14.0";
			developmentRegion = en;
			hasScannedForEncodings = 0;
			knownRegions = (
				en,
				Base,
			);
			mainGroup = 53DC9AF22A809664009B3304;
			packageReferences = (
				53DC9B122A8096B8009B3304 /* XCRemoteSwiftPackageReference "Alamofire" */,
				53DC9B152A8096C4009B3304 /* XCRemoteSwiftPackageReference "SwiftyJSON" */,
				53DC9B182A80971B009B3304 /* XCRemoteSwiftPackageReference "Kingfisher" */,
			);
			productRefGroup = 53DC9AFC2A809664009B3304 /* Products */;
			projectDirPath = "";
			projectRoot = "";
			targets = (
				53DC9AFA2A809664009B3304 /* StudyWeek4 */,
			);
		};
/* End PBXProject section */

/* Begin PBXResourcesBuildPhase section */
		53DC9AF92A809664009B3304 /* Resources */ = {
			isa = PBXResourcesBuildPhase;
			buildActionMask = 2147483647;
			files = (
				53DC9B1C2A809BA2009B3304 /* .gitignore in Resources */,
				53DC9B0B2A809665009B3304 /* LaunchScreen.storyboard in Resources */,
				53DC9B082A809665009B3304 /* Assets.xcassets in Resources */,
				53DC9B062A809664009B3304 /* Main.storyboard in Resources */,
			);
			runOnlyForDeploymentPostprocessing = 0;
		};
/* End PBXResourcesBuildPhase section */

/* Begin PBXSourcesBuildPhase section */
		53DC9AF72A809664009B3304 /* Sources */ = {
			isa = PBXSourcesBuildPhase;
			buildActionMask = 2147483647;
			files = (
				53DC9B662A84768C009B3304 /* TranslationViewController.swift in Sources */,
				53DC9B2A2A81E786009B3304 /* VideoViewController.swift in Sources */,
				53DC9B282A81C4D3009B3304 /* WeatherViewController.swift in Sources */,
				53DC9B032A809664009B3304 /* ViewController.swift in Sources */,
				53DC9AFF2A809664009B3304 /* AppDelegate.swift in Sources */,
				53DC9B622A83230B009B3304 /* VideoTableViewCell.swift in Sources */,
				53DC9B012A809664009B3304 /* SceneDelegate.swift in Sources */,
				53DC9B202A809C5E009B3304 /* APIKey.swift in Sources */,
			);
			runOnlyForDeploymentPostprocessing = 0;
		};
/* End PBXSourcesBuildPhase section */

/* Begin PBXVariantGroup section */
		53DC9B042A809664009B3304 /* Main.storyboard */ = {
			isa = PBXVariantGroup;
			children = (
				53DC9B052A809664009B3304 /* Base */,
			);
			name = Main.storyboard;
			sourceTree = "<group>";
		};
		53DC9B092A809665009B3304 /* LaunchScreen.storyboard */ = {
			isa = PBXVariantGroup;
			children = (
				53DC9B0A2A809665009B3304 /* Base */,
			);
			name = LaunchScreen.storyboard;
			sourceTree = "<group>";
		};
/* End PBXVariantGroup section */

/* Begin XCBuildConfiguration section */
		53DC9B0D2A809665009B3304 /* Debug */ = {
			isa = XCBuildConfiguration;
			buildSettings = {
				ALWAYS_SEARCH_USER_PATHS = NO;
				CLANG_ANALYZER_NONNULL = YES;
				CLANG_ANALYZER_NUMBER_OBJECT_CONVERSION = YES_AGGRESSIVE;
				CLANG_CXX_LANGUAGE_STANDARD = "gnu++20";
				CLANG_ENABLE_MODULES = YES;
				CLANG_ENABLE_OBJC_ARC = YES;
				CLANG_ENABLE_OBJC_WEAK = YES;
				CLANG_WARN_BLOCK_CAPTURE_AUTORELEASING = YES;
				CLANG_WARN_BOOL_CONVERSION = YES;
				CLANG_WARN_COMMA = YES;
				CLANG_WARN_CONSTANT_CONVERSION = YES;
				CLANG_WARN_DEPRECATED_OBJC_IMPLEMENTATIONS = YES;
				CLANG_WARN_DIRECT_OBJC_ISA_USAGE = YES_ERROR;
				CLANG_WARN_DOCUMENTATION_COMMENTS = YES;
				CLANG_WARN_EMPTY_BODY = YES;
				CLANG_WARN_ENUM_CONVERSION = YES;
				CLANG_WARN_INFINITE_RECURSION = YES;
				CLANG_WARN_INT_CONVERSION = YES;
				CLANG_WARN_NON_LITERAL_NULL_CONVERSION = YES;
				CLANG_WARN_OBJC_IMPLICIT_RETAIN_SELF = YES;
				CLANG_WARN_OBJC_LITERAL_CONVERSION = YES;
				CLANG_WARN_OBJC_ROOT_CLASS = YES_ERROR;
				CLANG_WARN_QUOTED_INCLUDE_IN_FRAMEWORK_HEADER = YES;
				CLANG_WARN_RANGE_LOOP_ANALYSIS = YES;
				CLANG_WARN_STRICT_PROTOTYPES = YES;
				CLANG_WARN_SUSPICIOUS_MOVE = YES;
				CLANG_WARN_UNGUARDED_AVAILABILITY = YES_AGGRESSIVE;
				CLANG_WARN_UNREACHABLE_CODE = YES;
				CLANG_WARN__DUPLICATE_METHOD_MATCH = YES;
				COPY_PHASE_STRIP = NO;
				DEBUG_INFORMATION_FORMAT = dwarf;
				ENABLE_STRICT_OBJC_MSGSEND = YES;
				ENABLE_TESTABILITY = YES;
				GCC_C_LANGUAGE_STANDARD = gnu11;
				GCC_DYNAMIC_NO_PIC = NO;
				GCC_NO_COMMON_BLOCKS = YES;
				GCC_OPTIMIZATION_LEVEL = 0;
				GCC_PREPROCESSOR_DEFINITIONS = (
					"DEBUG=1",
					"$(inherited)",
				);
				GCC_WARN_64_TO_32_BIT_CONVERSION = YES;
				GCC_WARN_ABOUT_RETURN_TYPE = YES_ERROR;
				GCC_WARN_UNDECLARED_SELECTOR = YES;
				GCC_WARN_UNINITIALIZED_AUTOS = YES_AGGRESSIVE;
				GCC_WARN_UNUSED_FUNCTION = YES;
				GCC_WARN_UNUSED_VARIABLE = YES;
				IPHONEOS_DEPLOYMENT_TARGET = 16.4;
				MTL_ENABLE_DEBUG_INFO = INCLUDE_SOURCE;
				MTL_FAST_MATH = YES;
				ONLY_ACTIVE_ARCH = YES;
				SDKROOT = iphoneos;
				SWIFT_ACTIVE_COMPILATION_CONDITIONS = DEBUG;
				SWIFT_OPTIMIZATION_LEVEL = "-Onone";
			};
			name = Debug;
		};
		53DC9B0E2A809665009B3304 /* Release */ = {
			isa = XCBuildConfiguration;
			buildSettings = {
				ALWAYS_SEARCH_USER_PATHS = NO;
				CLANG_ANALYZER_NONNULL = YES;
				CLANG_ANALYZER_NUMBER_OBJECT_CONVERSION = YES_AGGRESSIVE;
				CLANG_CXX_LANGUAGE_STANDARD = "gnu++20";
				CLANG_ENABLE_MODULES = YES;
				CLANG_ENABLE_OBJC_ARC = YES;
				CLANG_ENABLE_OBJC_WEAK = YES;
				CLANG_WARN_BLOCK_CAPTURE_AUTORELEASING = YES;
				CLANG_WARN_BOOL_CONVERSION = YES;
				CLANG_WARN_COMMA = YES;
				CLANG_WARN_CONSTANT_CONVERSION = YES;
				CLANG_WARN_DEPRECATED_OBJC_IMPLEMENTATIONS = YES;
				CLANG_WARN_DIRECT_OBJC_ISA_USAGE = YES_ERROR;
				CLANG_WARN_DOCUMENTATION_COMMENTS = YES;
				CLANG_WARN_EMPTY_BODY = YES;
				CLANG_WARN_ENUM_CONVERSION = YES;
				CLANG_WARN_INFINITE_RECURSION = YES;
				CLANG_WARN_INT_CONVERSION = YES;
				CLANG_WARN_NON_LITERAL_NULL_CONVERSION = YES;
				CLANG_WARN_OBJC_IMPLICIT_RETAIN_SELF = YES;
				CLANG_WARN_OBJC_LITERAL_CONVERSION = YES;
				CLANG_WARN_OBJC_ROOT_CLASS = YES_ERROR;
				CLANG_WARN_QUOTED_INCLUDE_IN_FRAMEWORK_HEADER = YES;
				CLANG_WARN_RANGE_LOOP_ANALYSIS = YES;
				CLANG_WARN_STRICT_PROTOTYPES = YES;
				CLANG_WARN_SUSPICIOUS_MOVE = YES;
				CLANG_WARN_UNGUARDED_AVAILABILITY = YES_AGGRESSIVE;
				CLANG_WARN_UNREACHABLE_CODE = YES;
				CLANG_WARN__DUPLICATE_METHOD_MATCH = YES;
				COPY_PHASE_STRIP = NO;
				DEBUG_INFORMATION_FORMAT = "dwarf-with-dsym";
				ENABLE_NS_ASSERTIONS = NO;
				ENABLE_STRICT_OBJC_MSGSEND = YES;
				GCC_C_LANGUAGE_STANDARD = gnu11;
				GCC_NO_COMMON_BLOCKS = YES;
				GCC_WARN_64_TO_32_BIT_CONVERSION = YES;
				GCC_WARN_ABOUT_RETURN_TYPE = YES_ERROR;
				GCC_WARN_UNDECLARED_SELECTOR = YES;
				GCC_WARN_UNINITIALIZED_AUTOS = YES_AGGRESSIVE;
				GCC_WARN_UNUSED_FUNCTION = YES;
				GCC_WARN_UNUSED_VARIABLE = YES;
				IPHONEOS_DEPLOYMENT_TARGET = 16.4;
				MTL_ENABLE_DEBUG_INFO = NO;
				MTL_FAST_MATH = YES;
				SDKROOT = iphoneos;
				SWIFT_COMPILATION_MODE = wholemodule;
				SWIFT_OPTIMIZATION_LEVEL = "-O";
				VALIDATE_PRODUCT = YES;
			};
			name = Release;
		};
		53DC9B102A809665009B3304 /* Debug */ = {
			isa = XCBuildConfiguration;
			buildSettings = {
				ASSETCATALOG_COMPILER_APPICON_NAME = AppIcon;
				ASSETCATALOG_COMPILER_GLOBAL_ACCENT_COLOR_NAME = AccentColor;
				CODE_SIGN_STYLE = Automatic;
				CURRENT_PROJECT_VERSION = 1;
				DEVELOPMENT_TEAM = KLYH4UN5ZC;
				GENERATE_INFOPLIST_FILE = YES;
				INFOPLIST_FILE = StudyWeek4/Info.plist;
				INFOPLIST_KEY_UIApplicationSupportsIndirectInputEvents = YES;
				INFOPLIST_KEY_UILaunchStoryboardName = LaunchScreen;
				INFOPLIST_KEY_UIMainStoryboardFile = Main;
				INFOPLIST_KEY_UISupportedInterfaceOrientations = UIInterfaceOrientationPortrait;
				INFOPLIST_KEY_UISupportedInterfaceOrientations_iPad = "UIInterfaceOrientationLandscapeLeft UIInterfaceOrientationLandscapeRight UIInterfaceOrientationPortrait UIInterfaceOrientationPortraitUpsideDown";
				LD_RUNPATH_SEARCH_PATHS = (
					"$(inherited)",
					"@executable_path/Frameworks",
				);
				MARKETING_VERSION = 1.0;
				PRODUCT_BUNDLE_IDENTIFIER = com.dahye.StudyWeek4;
				PRODUCT_NAME = "$(TARGET_NAME)";
				SUPPORTED_PLATFORMS = "iphoneos iphonesimulator";
				SUPPORTS_MACCATALYST = NO;
				SUPPORTS_MAC_DESIGNED_FOR_IPHONE_IPAD = NO;
				SWIFT_EMIT_LOC_STRINGS = YES;
				SWIFT_VERSION = 5.0;
				TARGETED_DEVICE_FAMILY = 1;
			};
			name = Debug;
		};
		53DC9B112A809665009B3304 /* Release */ = {
			isa = XCBuildConfiguration;
			buildSettings = {
				ASSETCATALOG_COMPILER_APPICON_NAME = AppIcon;
				ASSETCATALOG_COMPILER_GLOBAL_ACCENT_COLOR_NAME = AccentColor;
				CODE_SIGN_STYLE = Automatic;
				CURRENT_PROJECT_VERSION = 1;
				DEVELOPMENT_TEAM = KLYH4UN5ZC;
				GENERATE_INFOPLIST_FILE = YES;
				INFOPLIST_FILE = StudyWeek4/Info.plist;
				INFOPLIST_KEY_UIApplicationSupportsIndirectInputEvents = YES;
				INFOPLIST_KEY_UILaunchStoryboardName = LaunchScreen;
				INFOPLIST_KEY_UIMainStoryboardFile = Main;
				INFOPLIST_KEY_UISupportedInterfaceOrientations = UIInterfaceOrientationPortrait;
				INFOPLIST_KEY_UISupportedInterfaceOrientations_iPad = "UIInterfaceOrientationLandscapeLeft UIInterfaceOrientationLandscapeRight UIInterfaceOrientationPortrait UIInterfaceOrientationPortraitUpsideDown";
				LD_RUNPATH_SEARCH_PATHS = (
					"$(inherited)",
					"@executable_path/Frameworks",
				);
				MARKETING_VERSION = 1.0;
				PRODUCT_BUNDLE_IDENTIFIER = com.dahye.StudyWeek4;
				PRODUCT_NAME = "$(TARGET_NAME)";
				SUPPORTED_PLATFORMS = "iphoneos iphonesimulator";
				SUPPORTS_MACCATALYST = NO;
				SUPPORTS_MAC_DESIGNED_FOR_IPHONE_IPAD = NO;
				SWIFT_EMIT_LOC_STRINGS = YES;
				SWIFT_VERSION = 5.0;
				TARGETED_DEVICE_FAMILY = 1;
			};
			name = Release;
		};
/* End XCBuildConfiguration section */

/* Begin XCConfigurationList section */
		53DC9AF62A809664009B3304 /* Build configuration list for PBXProject "StudyWeek4" */ = {
			isa = XCConfigurationList;
			buildConfigurations = (
				53DC9B0D2A809665009B3304 /* Debug */,
				53DC9B0E2A809665009B3304 /* Release */,
			);
			defaultConfigurationIsVisible = 0;
			defaultConfigurationName = Release;
		};
		53DC9B0F2A809665009B3304 /* Build configuration list for PBXNativeTarget "StudyWeek4" */ = {
			isa = XCConfigurationList;
			buildConfigurations = (
				53DC9B102A809665009B3304 /* Debug */,
				53DC9B112A809665009B3304 /* Release */,
			);
			defaultConfigurationIsVisible = 0;
			defaultConfigurationName = Release;
		};
/* End XCConfigurationList section */

/* Begin XCRemoteSwiftPackageReference section */
		53DC9B122A8096B8009B3304 /* XCRemoteSwiftPackageReference "Alamofire" */ = {
			isa = XCRemoteSwiftPackageReference;
			repositoryURL = "https://github.com/Alamofire/Alamofire";
			requirement = {
				kind = upToNextMajorVersion;
				minimumVersion = 5.0.0;
			};
		};
		53DC9B152A8096C4009B3304 /* XCRemoteSwiftPackageReference "SwiftyJSON" */ = {
			isa = XCRemoteSwiftPackageReference;
			repositoryURL = "https://github.com/SwiftyJSON/SwiftyJSON";
			requirement = {
				kind = upToNextMajorVersion;
				minimumVersion = 5.0.0;
			};
		};
		53DC9B182A80971B009B3304 /* XCRemoteSwiftPackageReference "Kingfisher" */ = {
			isa = XCRemoteSwiftPackageReference;
			repositoryURL = "https://github.com/onevcat/Kingfisher.git";
			requirement = {
				kind = upToNextMajorVersion;
				minimumVersion = 7.0.0;
			};
		};
/* End XCRemoteSwiftPackageReference section */

/* Begin XCSwiftPackageProductDependency section */
		53DC9B132A8096B8009B3304 /* Alamofire */ = {
			isa = XCSwiftPackageProductDependency;
			package = 53DC9B122A8096B8009B3304 /* XCRemoteSwiftPackageReference "Alamofire" */;
			productName = Alamofire;
		};
		53DC9B162A8096C4009B3304 /* SwiftyJSON */ = {
			isa = XCSwiftPackageProductDependency;
			package = 53DC9B152A8096C4009B3304 /* XCRemoteSwiftPackageReference "SwiftyJSON" */;
			productName = SwiftyJSON;
		};
		53DC9B192A80971B009B3304 /* Kingfisher */ = {
			isa = XCSwiftPackageProductDependency;
			package = 53DC9B182A80971B009B3304 /* XCRemoteSwiftPackageReference "Kingfisher" */;
			productName = Kingfisher;
		};
/* End XCSwiftPackageProductDependency section */
	};
	rootObject = 53DC9AF32A809664009B3304 /* Project object */;
}
